
Microsoft Visual Studio Solution File, Format Version 12.00
# Visual Studio Version 16
VisualStudioVersion = 16.0.31729.503
MinimumVisualStudioVersion = 10.0.40219.1
Project("{FAE04EC0-301F-11D3-BF4B-00C04F79EFBC}") = "BigBoxInterview", "BigBoxInterview\BigBoxInterview.csproj", "{5A6D3673-6BCC-4870-9E4E-E105373DEC18}"
EndProject
Global
	GlobalSection(SolutionConfigurationPlatforms) = preSolution
		Debug|Any CPU = Debug|Any CPU
		Release|Any CPU = Release|Any CPU
	EndGlobalSection
	GlobalSection(ProjectConfigurationPlatforms) = postSolution
		{5A6D3673-6BCC-4870-9E4E-E105373DEC18}.Debug|Any CPU.ActiveCfg = Debug|Any CPU
		{5A6D3673-6BCC-4870-9E4E-E105373DEC18}.Debug|Any CPU.Build.0 = Debug|Any CPU
		{5A6D3673-6BCC-4870-9E4E-E105373DEC18}.Release|Any CPU.ActiveCfg = Release|Any CPU
		{5A6D3673-6BCC-4870-9E4E-E105373DEC18}.Release|Any CPU.Build.0 = Release|Any CPU
	EndGlobalSection
	GlobalSection(SolutionProperties) = preSolution
		HideSolutionNode = FALSE
	EndGlobalSection
	GlobalSection(ExtensibilityGlobals) = postSolution
		SolutionGuid = {15FFBEBF-7675-4304-96D1-C57AE8D03B2C}
	EndGlobalSection
EndGlobal
